
Microsoft Visual Studio Solution File, Format Version 12.00
# Visual Studio Version 17
VisualStudioVersion = 17.8.34525.116
MinimumVisualStudioVersion = 10.0.40219.1
Project("{FAE04EC0-301F-11D3-BF4B-00C04F79EFBC}") = "Ejercicio 1", "clase 4\Ejercicio 1.csproj", "{CDD40EA7-8415-4053-872F-8837DD781FDF}"
EndProject
Project("{FAE04EC0-301F-11D3-BF4B-00C04F79EFBC}") = "Ejercicio2", "Ejercicio2\Ejercicio2.csproj", "{A911505C-0290-4B08-9DED-ACEAE4C3879B}"
EndProject
Project("{FAE04EC0-301F-11D3-BF4B-00C04F79EFBC}") = "Ejercicio3", "Ejercicio3\Ejercicio3.csproj", "{EAB9AF80-E7EF-448E-8E62-C4F8BCF2FC9C}"
EndProject
Project("{FAE04EC0-301F-11D3-BF4B-00C04F79EFBC}") = "Ejercicio c1", "Ejercicios 1\Ejercicio c1.csproj", "{B2A51962-E3EC-4BAC-8C68-3745555FAFDD}"
EndProject
Project("{2150E333-8FDC-42A3-9474-1A3956D46DE8}") = "Ejercicios de clase", "Ejercicios de clase", "{7FD1A7A2-09A3-4131-B0D7-83FBF72E6051}"
EndProject
Project("{2150E333-8FDC-42A3-9474-1A3956D46DE8}") = "Ejemlplos", "Ejemlplos", "{D453F7A7-243C-4543-ADD6-D94BAAAF7304}"
EndProject
Project("{FAE04EC0-301F-11D3-BF4B-00C04F79EFBC}") = "Programa c2", "Programa c2\Programa c2.csproj", "{93A1194A-EFFC-471C-8D85-F411A7E51B55}"
EndProject
Project("{FAE04EC0-301F-11D3-BF4B-00C04F79EFBC}") = "Enunciado 2", "Enunciado 2\Enunciado 2.csproj", "{1A47ABDA-C7ED-4044-AF1B-BE11B93B5165}"
EndProject
Global
	GlobalSection(SolutionConfigurationPlatforms) = preSolution
		Debug|Any CPU = Debug|Any CPU
		Release|Any CPU = Release|Any CPU
	EndGlobalSection
	GlobalSection(ProjectConfigurationPlatforms) = postSolution
		{CDD40EA7-8415-4053-872F-8837DD781FDF}.Debug|Any CPU.ActiveCfg = Debug|Any CPU
		{CDD40EA7-8415-4053-872F-8837DD781FDF}.Debug|Any CPU.Build.0 = Debug|Any CPU
		{CDD40EA7-8415-4053-872F-8837DD781FDF}.Release|Any CPU.ActiveCfg = Release|Any CPU
		{CDD40EA7-8415-4053-872F-8837DD781FDF}.Release|Any CPU.Build.0 = Release|Any CPU
		{A911505C-0290-4B08-9DED-ACEAE4C3879B}.Debug|Any CPU.ActiveCfg = Debug|Any CPU
		{A911505C-0290-4B08-9DED-ACEAE4C3879B}.Debug|Any CPU.Build.0 = Debug|Any CPU
		{A911505C-0290-4B08-9DED-ACEAE4C3879B}.Release|Any CPU.ActiveCfg = Release|Any CPU
		{A911505C-0290-4B08-9DED-ACEAE4C3879B}.Release|Any CPU.Build.0 = Release|Any CPU
		{EAB9AF80-E7EF-448E-8E62-C4F8BCF2FC9C}.Debug|Any CPU.ActiveCfg = Debug|Any CPU
		{EAB9AF80-E7EF-448E-8E62-C4F8BCF2FC9C}.Debug|Any CPU.Build.0 = Debug|Any CPU
		{EAB9AF80-E7EF-448E-8E62-C4F8BCF2FC9C}.Release|Any CPU.ActiveCfg = Release|Any CPU
		{EAB9AF80-E7EF-448E-8E62-C4F8BCF2FC9C}.Release|Any CPU.Build.0 = Release|Any CPU
		{B2A51962-E3EC-4BAC-8C68-3745555FAFDD}.Debug|Any CPU.ActiveCfg = Debug|Any CPU
		{B2A51962-E3EC-4BAC-8C68-3745555FAFDD}.Debug|Any CPU.Build.0 = Debug|Any CPU
		{B2A51962-E3EC-4BAC-8C68-3745555FAFDD}.Release|Any CPU.ActiveCfg = Release|Any CPU
		{B2A51962-E3EC-4BAC-8C68-3745555FAFDD}.Release|Any CPU.Build.0 = Release|Any CPU
		{93A1194A-EFFC-471C-8D85-F411A7E51B55}.Debug|Any CPU.ActiveCfg = Debug|Any CPU
		{93A1194A-EFFC-471C-8D85-F411A7E51B55}.Debug|Any CPU.Build.0 = Debug|Any CPU
		{93A1194A-EFFC-471C-8D85-F411A7E51B55}.Release|Any CPU.ActiveCfg = Release|Any CPU
		{93A1194A-EFFC-471C-8D85-F411A7E51B55}.Release|Any CPU.Build.0 = Release|Any CPU
		{1A47ABDA-C7ED-4044-AF1B-BE11B93B5165}.Debug|Any CPU.ActiveCfg = Debug|Any CPU
		{1A47ABDA-C7ED-4044-AF1B-BE11B93B5165}.Debug|Any CPU.Build.0 = Debug|Any CPU
		{1A47ABDA-C7ED-4044-AF1B-BE11B93B5165}.Release|Any CPU.ActiveCfg = Release|Any CPU
		{1A47ABDA-C7ED-4044-AF1B-BE11B93B5165}.Release|Any CPU.Build.0 = Release|Any CPU
	EndGlobalSection
	GlobalSection(SolutionProperties) = preSolution
		HideSolutionNode = FALSE
	EndGlobalSection
	GlobalSection(NestedProjects) = preSolution
		{CDD40EA7-8415-4053-872F-8837DD781FDF} = {D453F7A7-243C-4543-ADD6-D94BAAAF7304}
		{A911505C-0290-4B08-9DED-ACEAE4C3879B} = {D453F7A7-243C-4543-ADD6-D94BAAAF7304}
		{EAB9AF80-E7EF-448E-8E62-C4F8BCF2FC9C} = {D453F7A7-243C-4543-ADD6-D94BAAAF7304}
		{B2A51962-E3EC-4BAC-8C68-3745555FAFDD} = {7FD1A7A2-09A3-4131-B0D7-83FBF72E6051}
		{93A1194A-EFFC-471C-8D85-F411A7E51B55} = {7FD1A7A2-09A3-4131-B0D7-83FBF72E6051}
	EndGlobalSection
	GlobalSection(ExtensibilityGlobals) = postSolution
		SolutionGuid = {DF905925-CED9-4519-A8F0-4EFECE9463E9}
	EndGlobalSection
EndGlobal
